
Microsoft Visual Studio Solution File, Format Version 12.00
# Visual Studio Version 17
VisualStudioVersion = 17.2.32630.192
MinimumVisualStudioVersion = 10.0.40219.1
Project("{FAE04EC0-301F-11D3-BF4B-00C04F79EFBC}") = "WinformsH3", "WinformsH3\WinformsH3.csproj", "{CC2DF667-2A4A-4B9E-903D-33DA9B09AF88}"
EndProject
Global
	GlobalSection(SolutionConfigurationPlatforms) = preSolution
		Debug|Any CPU = Debug|Any CPU
		Release|Any CPU = Release|Any CPU
	EndGlobalSection
	GlobalSection(ProjectConfigurationPlatforms) = postSolution
		{CC2DF667-2A4A-4B9E-903D-33DA9B09AF88}.Debug|Any CPU.ActiveCfg = Debug|Any CPU
		{CC2DF667-2A4A-4B9E-903D-33DA9B09AF88}.Debug|Any CPU.Build.0 = Debug|Any CPU
		{CC2DF667-2A4A-4B9E-903D-33DA9B09AF88}.Release|Any CPU.ActiveCfg = Release|Any CPU
		{CC2DF667-2A4A-4B9E-903D-33DA9B09AF88}.Release|Any CPU.Build.0 = Release|Any CPU
	EndGlobalSection
	GlobalSection(SolutionProperties) = preSolution
		HideSolutionNode = FALSE
	EndGlobalSection
	GlobalSection(ExtensibilityGlobals) = postSolution
		SolutionGuid = {3ACF8C00-CFD8-495C-83A1-783E7CC17A59}
	EndGlobalSection
EndGlobal
